
Microsoft Visual Studio Solution File, Format Version 12.00
# Visual Studio 14
VisualStudioVersion = 14.0.24720.0
MinimumVisualStudioVersion = 10.0.40219.1
Project("{FAE04EC0-301F-11D3-BF4B-00C04F79EFBC}") = "ReportServiceLib", "ReportServiceLib\ReportServiceLib.csproj", "{5587BB84-C442-413B-8B91-0A31DA021776}"
EndProject
Project("{FAE04EC0-301F-11D3-BF4B-00C04F79EFBC}") = "WcfReportService", "WcfReportService\WcfReportService.csproj", "{3E162DDB-15AC-4C5C-8A25-B4806BE95FBC}"
EndProject
Project("{FAE04EC0-301F-11D3-BF4B-00C04F79EFBC}") = "WcfReportService.UnitTest", "WcfReportService.UnitTest\WcfReportService.UnitTest.csproj", "{CBDF065B-D732-47CA-BCA1-55A2E9214823}"
EndProject
Project("{FAE04EC0-301F-11D3-BF4B-00C04F79EFBC}") = "Common", "Common\Common.csproj", "{B5413E5F-F52E-4214-BB22-33A3EEDE9B80}"
EndProject
Project("{FAE04EC0-301F-11D3-BF4B-00C04F79EFBC}") = "OldVHP", "OldVHP\OldVHP.csproj", "{7E5752EF-DD61-45CD-82B9-91E094776D74}"
EndProject
Project("{2150E333-8FDC-42A3-9474-1A3956D46DE8}") = "Service", "Service", "{4393F834-22E7-438C-B374-6DBEF458E9A6}"
EndProject
Project("{2150E333-8FDC-42A3-9474-1A3956D46DE8}") = "Client", "Client", "{6E5AF502-324B-474E-9027-F7160DD88A11}"
EndProject
Project("{FAE04EC0-301F-11D3-BF4B-00C04F79EFBC}") = "WpfReportCreator.UnitTest", "WpfReportCreator.UnitTest\WpfReportCreator.UnitTest.csproj", "{DD521B12-45A7-4394-8F34-B0E7F331CE75}"
EndProject
Project("{FAE04EC0-301F-11D3-BF4B-00C04F79EFBC}") = "WpfReportCreator", "WpfReportCreator\WpfReportCreator.csproj", "{61DCCFB4-BE2E-45E3-AEBC-E73880CA0CAA}"
	ProjectSection(ProjectDependencies) = postProject
		{3E162DDB-15AC-4C5C-8A25-B4806BE95FBC} = {3E162DDB-15AC-4C5C-8A25-B4806BE95FBC}
	EndProjectSection
EndProject
Global
	GlobalSection(SolutionConfigurationPlatforms) = preSolution
		Debug|Any CPU = Debug|Any CPU
		Release|Any CPU = Release|Any CPU
	EndGlobalSection
	GlobalSection(ProjectConfigurationPlatforms) = postSolution
		{5587BB84-C442-413B-8B91-0A31DA021776}.Debug|Any CPU.ActiveCfg = Debug|Any CPU
		{5587BB84-C442-413B-8B91-0A31DA021776}.Debug|Any CPU.Build.0 = Debug|Any CPU
		{5587BB84-C442-413B-8B91-0A31DA021776}.Release|Any CPU.ActiveCfg = Release|Any CPU
		{5587BB84-C442-413B-8B91-0A31DA021776}.Release|Any CPU.Build.0 = Release|Any CPU
		{3E162DDB-15AC-4C5C-8A25-B4806BE95FBC}.Debug|Any CPU.ActiveCfg = Debug|Any CPU
		{3E162DDB-15AC-4C5C-8A25-B4806BE95FBC}.Debug|Any CPU.Build.0 = Debug|Any CPU
		{3E162DDB-15AC-4C5C-8A25-B4806BE95FBC}.Release|Any CPU.ActiveCfg = Release|Any CPU
		{3E162DDB-15AC-4C5C-8A25-B4806BE95FBC}.Release|Any CPU.Build.0 = Release|Any CPU
		{CBDF065B-D732-47CA-BCA1-55A2E9214823}.Debug|Any CPU.ActiveCfg = Debug|Any CPU
		{CBDF065B-D732-47CA-BCA1-55A2E9214823}.Debug|Any CPU.Build.0 = Debug|Any CPU
		{CBDF065B-D732-47CA-BCA1-55A2E9214823}.Release|Any CPU.ActiveCfg = Release|Any CPU
		{CBDF065B-D732-47CA-BCA1-55A2E9214823}.Release|Any CPU.Build.0 = Release|Any CPU
		{B5413E5F-F52E-4214-BB22-33A3EEDE9B80}.Debug|Any CPU.ActiveCfg = Debug|Any CPU
		{B5413E5F-F52E-4214-BB22-33A3EEDE9B80}.Debug|Any CPU.Build.0 = Debug|Any CPU
		{B5413E5F-F52E-4214-BB22-33A3EEDE9B80}.Release|Any CPU.ActiveCfg = Release|Any CPU
		{B5413E5F-F52E-4214-BB22-33A3EEDE9B80}.Release|Any CPU.Build.0 = Release|Any CPU
		{7E5752EF-DD61-45CD-82B9-91E094776D74}.Debug|Any CPU.ActiveCfg = Debug|Any CPU
		{7E5752EF-DD61-45CD-82B9-91E094776D74}.Debug|Any CPU.Build.0 = Debug|Any CPU
		{7E5752EF-DD61-45CD-82B9-91E094776D74}.Release|Any CPU.ActiveCfg = Release|Any CPU
		{7E5752EF-DD61-45CD-82B9-91E094776D74}.Release|Any CPU.Build.0 = Release|Any CPU
		{DD521B12-45A7-4394-8F34-B0E7F331CE75}.Debug|Any CPU.ActiveCfg = Debug|Any CPU
		{DD521B12-45A7-4394-8F34-B0E7F331CE75}.Debug|Any CPU.Build.0 = Debug|Any CPU
		{DD521B12-45A7-4394-8F34-B0E7F331CE75}.Release|Any CPU.ActiveCfg = Release|Any CPU
		{DD521B12-45A7-4394-8F34-B0E7F331CE75}.Release|Any CPU.Build.0 = Release|Any CPU
		{61DCCFB4-BE2E-45E3-AEBC-E73880CA0CAA}.Debug|Any CPU.ActiveCfg = Debug|Any CPU
		{61DCCFB4-BE2E-45E3-AEBC-E73880CA0CAA}.Debug|Any CPU.Build.0 = Debug|Any CPU
		{61DCCFB4-BE2E-45E3-AEBC-E73880CA0CAA}.Release|Any CPU.ActiveCfg = Release|Any CPU
		{61DCCFB4-BE2E-45E3-AEBC-E73880CA0CAA}.Release|Any CPU.Build.0 = Release|Any CPU
	EndGlobalSection
	GlobalSection(SolutionProperties) = preSolution
		HideSolutionNode = FALSE
	EndGlobalSection
	GlobalSection(NestedProjects) = preSolution
		{5587BB84-C442-413B-8B91-0A31DA021776} = {4393F834-22E7-438C-B374-6DBEF458E9A6}
		{3E162DDB-15AC-4C5C-8A25-B4806BE95FBC} = {4393F834-22E7-438C-B374-6DBEF458E9A6}
		{CBDF065B-D732-47CA-BCA1-55A2E9214823} = {4393F834-22E7-438C-B374-6DBEF458E9A6}
		{B5413E5F-F52E-4214-BB22-33A3EEDE9B80} = {4393F834-22E7-438C-B374-6DBEF458E9A6}
		{7E5752EF-DD61-45CD-82B9-91E094776D74} = {4393F834-22E7-438C-B374-6DBEF458E9A6}
		{DD521B12-45A7-4394-8F34-B0E7F331CE75} = {6E5AF502-324B-474E-9027-F7160DD88A11}
		{61DCCFB4-BE2E-45E3-AEBC-E73880CA0CAA} = {6E5AF502-324B-474E-9027-F7160DD88A11}
	EndGlobalSection
EndGlobal
